// !$*UTF8*$!
{
	archiveVersion = 1;
	classes = {
	};
	objectVersion = 50;
	objects = {

/* Begin PBXBuildFile section */
		5485575101EDD599E902C7BF /* libPods-RGBDriver.a in Frameworks */ = {isa = PBXBuildFile; fileRef = 1629D6226D6022DB40BC8B63 /* libPods-RGBDriver.a */; };
		D14703C42426636600FD429D /* RGBDriver.swift in Sources */ = {isa = PBXBuildFile; fileRef = D14703C32426636600FD429D /* RGBDriver.swift */; };
		D14703CD2426660200FD429D /* RGBDevice.swift in Sources */ = {isa = PBXBuildFile; fileRef = D14703CC2426660200FD429D /* RGBDevice.swift */; };
		D14703CF2426675C00FD429D /* WirelessRGBStrip.swift in Sources */ = {isa = PBXBuildFile; fileRef = D14703CE2426675C00FD429D /* WirelessRGBStrip.swift */; };
		D14703D624266A7C00FD429D /* RGBUtils.swift in Sources */ = {isa = PBXBuildFile; fileRef = D14703D524266A7C00FD429D /* RGBUtils.swift */; };
		D14703D8242698F500FD429D /* Interface.swift in Sources */ = {isa = PBXBuildFile; fileRef = D14703D7242698F500FD429D /* Interface.swift */; };
		D14703DA24269BCB00FD429D /* SubnetScanner.swift in Sources */ = {isa = PBXBuildFile; fileRef = D14703D924269BCB00FD429D /* SubnetScanner.swift */; };
/* End PBXBuildFile section */

/* Begin PBXCopyFilesBuildPhase section */
		D14703BE2426636600FD429D /* CopyFiles */ = {
			isa = PBXCopyFilesBuildPhase;
			buildActionMask = 2147483647;
			dstPath = "include/$(PRODUCT_NAME)";
			dstSubfolderSpec = 16;
			files = (
			);
			runOnlyForDeploymentPostprocessing = 0;
		};
/* End PBXCopyFilesBuildPhase section */

/* Begin PBXFileReference section */
		1629D6226D6022DB40BC8B63 /* libPods-RGBDriver.a */ = {isa = PBXFileReference; explicitFileType = archive.ar; includeInIndex = 0; path = "libPods-RGBDriver.a"; sourceTree = BUILT_PRODUCTS_DIR; };
		2CB1B5F4FB960E0917FEAF64 /* Pods-RGBDriver.release.xcconfig */ = {isa = PBXFileReference; includeInIndex = 1; lastKnownFileType = text.xcconfig; name = "Pods-RGBDriver.release.xcconfig"; path = "Target Support Files/Pods-RGBDriver/Pods-RGBDriver.release.xcconfig"; sourceTree = "<group>"; };
		69177B6E10921E1BF22035B0 /* Pods-RGBDriver.debug.xcconfig */ = {isa = PBXFileReference; includeInIndex = 1; lastKnownFileType = text.xcconfig; name = "Pods-RGBDriver.debug.xcconfig"; path = "Target Support Files/Pods-RGBDriver/Pods-RGBDriver.debug.xcconfig"; sourceTree = "<group>"; };
		D14703C02426636600FD429D /* libRGBDriver.a */ = {isa = PBXFileReference; explicitFileType = archive.ar; includeInIndex = 0; path = libRGBDriver.a; sourceTree = BUILT_PRODUCTS_DIR; };
		D14703C32426636600FD429D /* RGBDriver.swift */ = {isa = PBXFileReference; lastKnownFileType = sourcecode.swift; path = RGBDriver.swift; sourceTree = "<group>"; };
		D14703CC2426660200FD429D /* RGBDevice.swift */ = {isa = PBXFileReference; lastKnownFileType = sourcecode.swift; path = RGBDevice.swift; sourceTree = "<group>"; };
		D14703CE2426675C00FD429D /* WirelessRGBStrip.swift */ = {isa = PBXFileReference; lastKnownFileType = sourcecode.swift; path = WirelessRGBStrip.swift; sourceTree = "<group>"; };
		D14703D12426678100FD429D /* libCocoaAsyncSocket.a */ = {isa = PBXFileReference; explicitFileType = archive.ar; path = libCocoaAsyncSocket.a; sourceTree = BUILT_PRODUCTS_DIR; };
		D14703D32426678100FD429D /* libPods-RGBConrol.a */ = {isa = PBXFileReference; explicitFileType = archive.ar; path = "libPods-RGBConrol.a"; sourceTree = BUILT_PRODUCTS_DIR; };
		D14703D524266A7C00FD429D /* RGBUtils.swift */ = {isa = PBXFileReference; lastKnownFileType = sourcecode.swift; path = RGBUtils.swift; sourceTree = "<group>"; };
		D14703D7242698F500FD429D /* Interface.swift */ = {isa = PBXFileReference; lastKnownFileType = sourcecode.swift; path = Interface.swift; sourceTree = "<group>"; };
		D14703D924269BCB00FD429D /* SubnetScanner.swift */ = {isa = PBXFileReference; lastKnownFileType = sourcecode.swift; path = SubnetScanner.swift; sourceTree = "<group>"; };
/* End PBXFileReference section */

/* Begin PBXFrameworksBuildPhase section */
		D14703BD2426636600FD429D /* Frameworks */ = {
			isa = PBXFrameworksBuildPhase;
			buildActionMask = 2147483647;
			files = (
				5485575101EDD599E902C7BF /* libPods-RGBDriver.a in Frameworks */,
			);
			runOnlyForDeploymentPostprocessing = 0;
		};
/* End PBXFrameworksBuildPhase section */

/* Begin PBXGroup section */
		0E4F4CB965D047FC8CDBC61A /* Pods */ = {
			isa = PBXGroup;
			children = (
				69177B6E10921E1BF22035B0 /* Pods-RGBDriver.debug.xcconfig */,
				2CB1B5F4FB960E0917FEAF64 /* Pods-RGBDriver.release.xcconfig */,
			);
			name = Pods;
			path = ../Pods;
			sourceTree = "<group>";
		};
		D14703B72426636600FD429D = {
			isa = PBXGroup;
			children = (
				D14703C22426636600FD429D /* RGBDriver */,
				D14703C12426636600FD429D /* Products */,
				D14703D02426678100FD429D /* Frameworks */,
				0E4F4CB965D047FC8CDBC61A /* Pods */,
			);
			sourceTree = "<group>";
		};
		D14703C12426636600FD429D /* Products */ = {
			isa = PBXGroup;
			children = (
				D14703C02426636600FD429D /* libRGBDriver.a */,
			);
			name = Products;
			sourceTree = "<group>";
		};
		D14703C22426636600FD429D /* RGBDriver */ = {
			isa = PBXGroup;
			children = (
				D14703C32426636600FD429D /* RGBDriver.swift */,
				D14703CC2426660200FD429D /* RGBDevice.swift */,
				D14703CE2426675C00FD429D /* WirelessRGBStrip.swift */,
				D14703D524266A7C00FD429D /* RGBUtils.swift */,
				D14703D7242698F500FD429D /* Interface.swift */,
				D14703D924269BCB00FD429D /* SubnetScanner.swift */,
			);
			path = RGBDriver;
			sourceTree = "<group>";
		};
		D14703D02426678100FD429D /* Frameworks */ = {
			isa = PBXGroup;
			children = (
				D14703D12426678100FD429D /* libCocoaAsyncSocket.a */,
				D14703D32426678100FD429D /* libPods-RGBConrol.a */,
				1629D6226D6022DB40BC8B63 /* libPods-RGBDriver.a */,
			);
			name = Frameworks;
			sourceTree = "<group>";
		};
/* End PBXGroup section */

/* Begin PBXNativeTarget section */
		D14703BF2426636600FD429D /* RGBDriver */ = {
			isa = PBXNativeTarget;
			buildConfigurationList = D14703C72426636600FD429D /* Build configuration list for PBXNativeTarget "RGBDriver" */;
			buildPhases = (
				36DA1A9B7C91906EA34538E0 /* [CP] Check Pods Manifest.lock */,
				D14703BC2426636600FD429D /* Sources */,
				D14703BD2426636600FD429D /* Frameworks */,
				D14703BE2426636600FD429D /* CopyFiles */,
			);
			buildRules = (
			);
			dependencies = (
			);
			name = RGBDriver;
			productName = RGBDriver;
			productReference = D14703C02426636600FD429D /* libRGBDriver.a */;
			productType = "com.apple.product-type.library.static";
		};
/* End PBXNativeTarget section */

/* Begin PBXProject section */
		D14703B82426636600FD429D /* Project object */ = {
			isa = PBXProject;
			attributes = {
				LastSwiftUpdateCheck = 1130;
				LastUpgradeCheck = 1130;
				ORGANIZATIONNAME = "Andrew Zinoviev";
				TargetAttributes = {
					D14703BF2426636600FD429D = {
						CreatedOnToolsVersion = 11.3.1;
					};
				};
			};
			buildConfigurationList = D14703BB2426636600FD429D /* Build configuration list for PBXProject "RGBDriver" */;
			compatibilityVersion = "Xcode 9.3";
			developmentRegion = en;
			hasScannedForEncodings = 0;
			knownRegions = (
				en,
				Base,
			);
			mainGroup = D14703B72426636600FD429D;
			productRefGroup = D14703C12426636600FD429D /* Products */;
			projectDirPath = "";
			projectRoot = "";
			targets = (
				D14703BF2426636600FD429D /* RGBDriver */,
			);
		};
/* End PBXProject section */

/* Begin PBXShellScriptBuildPhase section */
		36DA1A9B7C91906EA34538E0 /* [CP] Check Pods Manifest.lock */ = {
			isa = PBXShellScriptBuildPhase;
			buildActionMask = 2147483647;
			files = (
			);
			inputFileListPaths = (
			);
			inputPaths = (
				"${PODS_PODFILE_DIR_PATH}/Podfile.lock",
				"${PODS_ROOT}/Manifest.lock",
			);
			name = "[CP] Check Pods Manifest.lock";
			outputFileListPaths = (
			);
			outputPaths = (
				"$(DERIVED_FILE_DIR)/Pods-RGBDriver-checkManifestLockResult.txt",
			);
			runOnlyForDeploymentPostprocessing = 0;
			shellPath = /bin/sh;
			shellScript = "diff \"${PODS_PODFILE_DIR_PATH}/Podfile.lock\" \"${PODS_ROOT}/Manifest.lock\" > /dev/null\nif [ $? != 0 ] ; then\n    # print error to STDERR\n    echo \"error: The sandbox is not in sync with the Podfile.lock. Run 'pod install' or update your CocoaPods installation.\" >&2\n    exit 1\nfi\n# This output is used by Xcode 'outputs' to avoid re-running this script phase.\necho \"SUCCESS\" > \"${SCRIPT_OUTPUT_FILE_0}\"\n";
			showEnvVarsInLog = 0;
		};
/* End PBXShellScriptBuildPhase section */

/* Begin PBXSourcesBuildPhase section */
		D14703BC2426636600FD429D /* Sources */ = {
			isa = PBXSourcesBuildPhase;
			buildActionMask = 2147483647;
			files = (
				D14703CF2426675C00FD429D /* WirelessRGBStrip.swift in Sources */,
				D14703D8242698F500FD429D /* Interface.swift in Sources */,
				D14703D624266A7C00FD429D /* RGBUtils.swift in Sources */,
				D14703C42426636600FD429D /* RGBDriver.swift in Sources */,
				D14703CD2426660200FD429D /* RGBDevice.swift in Sources */,
				D14703DA24269BCB00FD429D /* SubnetScanner.swift in Sources */,
			);
			runOnlyForDeploymentPostprocessing = 0;
		};
/* End PBXSourcesBuildPhase section */

/* Begin XCBuildConfiguration section */
		D14703C52426636600FD429D /* Debug */ = {
			isa = XCBuildConfiguration;
			buildSettings = {
				ALWAYS_SEARCH_USER_PATHS = NO;
				CLANG_ANALYZER_NONNULL = YES;
				CLANG_ANALYZER_NUMBER_OBJECT_CONVERSION = YES_AGGRESSIVE;
				CLANG_CXX_LANGUAGE_STANDARD = "gnu++14";
				CLANG_CXX_LIBRARY = "libc++";
				CLANG_ENABLE_MODULES = YES;
				CLANG_ENABLE_OBJC_ARC = YES;
				CLANG_ENABLE_OBJC_WEAK = YES;
				CLANG_WARN_BLOCK_CAPTURE_AUTORELEASING = YES;
				CLANG_WARN_BOOL_CONVERSION = YES;
				CLANG_WARN_COMMA = YES;
				CLANG_WARN_CONSTANT_CONVERSION = YES;
				CLANG_WARN_DEPRECATED_OBJC_IMPLEMENTATIONS = YES;
				CLANG_WARN_DIRECT_OBJC_ISA_USAGE = YES_ERROR;
				CLANG_WARN_DOCUMENTATION_COMMENTS = YES;
				CLANG_WARN_EMPTY_BODY = YES;
				CLANG_WARN_ENUM_CONVERSION = YES;
				CLANG_WARN_INFINITE_RECURSION = YES;
				CLANG_WARN_INT_CONVERSION = YES;
				CLANG_WARN_NON_LITERAL_NULL_CONVERSION = YES;
				CLANG_WARN_OBJC_IMPLICIT_RETAIN_SELF = YES;
				CLANG_WARN_OBJC_LITERAL_CONVERSION = YES;
				CLANG_WARN_OBJC_ROOT_CLASS = YES_ERROR;
				CLANG_WARN_RANGE_LOOP_ANALYSIS = YES;
				CLANG_WARN_STRICT_PROTOTYPES = YES;
				CLANG_WARN_SUSPICIOUS_MOVE = YES;
				CLANG_WARN_UNGUARDED_AVAILABILITY = YES_AGGRESSIVE;
				CLANG_WARN_UNREACHABLE_CODE = YES;
				CLANG_WARN__DUPLICATE_METHOD_MATCH = YES;
				COPY_PHASE_STRIP = NO;
				DEBUG_INFORMATION_FORMAT = dwarf;
				ENABLE_STRICT_OBJC_MSGSEND = YES;
				ENABLE_TESTABILITY = YES;
				GCC_C_LANGUAGE_STANDARD = gnu11;
				GCC_DYNAMIC_NO_PIC = NO;
				GCC_NO_COMMON_BLOCKS = YES;
				GCC_OPTIMIZATION_LEVEL = 0;
				GCC_PREPROCESSOR_DEFINITIONS = (
					"DEBUG=1",
					"$(inherited)",
				);
				GCC_WARN_64_TO_32_BIT_CONVERSION = YES;
				GCC_WARN_ABOUT_RETURN_TYPE = YES_ERROR;
				GCC_WARN_UNDECLARED_SELECTOR = YES;
				GCC_WARN_UNINITIALIZED_AUTOS = YES_AGGRESSIVE;
				GCC_WARN_UNUSED_FUNCTION = YES;
				GCC_WARN_UNUSED_VARIABLE = YES;
				IPHONEOS_DEPLOYMENT_TARGET = 13.2;
				MTL_ENABLE_DEBUG_INFO = INCLUDE_SOURCE;
				MTL_FAST_MATH = YES;
				ONLY_ACTIVE_ARCH = YES;
				SDKROOT = iphoneos;
				SWIFT_ACTIVE_COMPILATION_CONDITIONS = DEBUG;
				SWIFT_OPTIMIZATION_LEVEL = "-Onone";
			};
			name = Debug;
		};
		D14703C62426636600FD429D /* Release */ = {
			isa = XCBuildConfiguration;
			buildSettings = {
				ALWAYS_SEARCH_USER_PATHS = NO;
				CLANG_ANALYZER_NONNULL = YES;
				CLANG_ANALYZER_NUMBER_OBJECT_CONVERSION = YES_AGGRESSIVE;
				CLANG_CXX_LANGUAGE_STANDARD = "gnu++14";
				CLANG_CXX_LIBRARY = "libc++";
				CLANG_ENABLE_MODULES = YES;
				CLANG_ENABLE_OBJC_ARC = YES;
				CLANG_ENABLE_OBJC_WEAK = YES;
				CLANG_WARN_BLOCK_CAPTURE_AUTORELEASING = YES;
				CLANG_WARN_BOOL_CONVERSION = YES;
				CLANG_WARN_COMMA = YES;
				CLANG_WARN_CONSTANT_CONVERSION = YES;
				CLANG_WARN_DEPRECATED_OBJC_IMPLEMENTATIONS = YES;
				CLANG_WARN_DIRECT_OBJC_ISA_USAGE = YES_ERROR;
				CLANG_WARN_DOCUMENTATION_COMMENTS = YES;
				CLANG_WARN_EMPTY_BODY = YES;
				CLANG_WARN_ENUM_CONVERSION = YES;
				CLANG_WARN_INFINITE_RECURSION = YES;
				CLANG_WARN_INT_CONVERSION = YES;
				CLANG_WARN_NON_LITERAL_NULL_CONVERSION = YES;
				CLANG_WARN_OBJC_IMPLICIT_RETAIN_SELF = YES;
				CLANG_WARN_OBJC_LITERAL_CONVERSION = YES;
				CLANG_WARN_OBJC_ROOT_CLASS = YES_ERROR;
				CLANG_WARN_RANGE_LOOP_ANALYSIS = YES;
				CLANG_WARN_STRICT_PROTOTYPES = YES;
				CLANG_WARN_SUSPICIOUS_MOVE = YES;
				CLANG_WARN_UNGUARDED_AVAILABILITY = YES_AGGRESSIVE;
				CLANG_WARN_UNREACHABLE_CODE = YES;
				CLANG_WARN__DUPLICATE_METHOD_MATCH = YES;
				COPY_PHASE_STRIP = NO;
				DEBUG_INFORMATION_FORMAT = "dwarf-with-dsym";
				ENABLE_NS_ASSERTIONS = NO;
				ENABLE_STRICT_OBJC_MSGSEND = YES;
				GCC_C_LANGUAGE_STANDARD = gnu11;
				GCC_NO_COMMON_BLOCKS = YES;
				GCC_WARN_64_TO_32_BIT_CONVERSION = YES;
				GCC_WARN_ABOUT_RETURN_TYPE = YES_ERROR;
				GCC_WARN_UNDECLARED_SELECTOR = YES;
				GCC_WARN_UNINITIALIZED_AUTOS = YES_AGGRESSIVE;
				GCC_WARN_UNUSED_FUNCTION = YES;
				GCC_WARN_UNUSED_VARIABLE = YES;
				IPHONEOS_DEPLOYMENT_TARGET = 13.2;
				MTL_ENABLE_DEBUG_INFO = NO;
				MTL_FAST_MATH = YES;
				SDKROOT = iphoneos;
				SWIFT_COMPILATION_MODE = wholemodule;
				SWIFT_OPTIMIZATION_LEVEL = "-O";
				VALIDATE_PRODUCT = YES;
			};
			name = Release;
		};
		D14703C82426636600FD429D /* Debug */ = {
			isa = XCBuildConfiguration;
			baseConfigurationReference = 69177B6E10921E1BF22035B0 /* Pods-RGBDriver.debug.xcconfig */;
			buildSettings = {
				CODE_SIGN_STYLE = Automatic;
				DEVELOPMENT_TEAM = 2V8DLQ6638;
				OTHER_LDFLAGS = "-ObjC";
				PRODUCT_NAME = "$(TARGET_NAME)";
				SKIP_INSTALL = YES;
				SWIFT_VERSION = 5.0;
				TARGETED_DEVICE_FAMILY = "1,2";
			};
			name = Debug;
		};
		D14703C92426636600FD429D /* Release */ = {
			isa = XCBuildConfiguration;
			baseConfigurationReference = 2CB1B5F4FB960E0917FEAF64 /* Pods-RGBDriver.release.xcconfig */;
			buildSettings = {
				CODE_SIGN_STYLE = Automatic;
				DEVELOPMENT_TEAM = 2V8DLQ6638;
				OTHER_LDFLAGS = "-ObjC";
				PRODUCT_NAME = "$(TARGET_NAME)";
				SKIP_INSTALL = YES;
				SWIFT_VERSION = 5.0;
				TARGETED_DEVICE_FAMILY = "1,2";
			};
			name = Release;
		};
/* End XCBuildConfiguration section */

/* Begin XCConfigurationList section */
		D14703BB2426636600FD429D /* Build configuration list for PBXProject "RGBDriver" */ = {
			isa = XCConfigurationList;
			buildConfigurations = (
				D14703C52426636600FD429D /* Debug */,
				D14703C62426636600FD429D /* Release */,
			);
			defaultConfigurationIsVisible = 0;
			defaultConfigurationName = Release;
		};
		D14703C72426636600FD429D /* Build configuration list for PBXNativeTarget "RGBDriver" */ = {
			isa = XCConfigurationList;
			buildConfigurations = (
				D14703C82426636600FD429D /* Debug */,
				D14703C92426636600FD429D /* Release */,
			);
			defaultConfigurationIsVisible = 0;
			defaultConfigurationName = Release;
		};
/* End XCConfigurationList section */
	};
	rootObject = D14703B82426636600FD429D /* Project object */;
}
